Microsoft Visual Studio Solution File, Format Version 12.00
# Visual Studio Version 17
VisualStudioVersion = 17.5.2.0
MinimumVisualStudioVersion = 10.0.40219.1
Project("{FAE04EC0-301F-11D3-BF4B-00C04F79EFBC}") = "FreelanceManagement", "FreelanceManagement.csproj", "{71A73B45-2DCA-E7E3-329D-B19E1AA626CD}"
EndProject
Global
	GlobalSection(SolutionConfigurationPlatforms) = preSolution
		Debug|Any CPU = Debug|Any CPU
		Release|Any CPU = Release|Any CPU
	EndGlobalSection
	GlobalSection(ProjectConfigurationPlatforms) = postSolution
		{71A73B45-2DCA-E7E3-329D-B19E1AA626CD}.Debug|Any CPU.ActiveCfg = Debug|Any CPU
		{71A73B45-2DCA-E7E3-329D-B19E1AA626CD}.Debug|Any CPU.Build.0 = Debug|Any CPU
		{71A73B45-2DCA-E7E3-329D-B19E1AA626CD}.Release|Any CPU.ActiveCfg = Release|Any CPU
		{71A73B45-2DCA-E7E3-329D-B19E1AA626CD}.Release|Any CPU.Build.0 = Release|Any CPU
	EndGlobalSection
	GlobalSection(SolutionProperties) = preSolution
		HideSolutionNode = FALSE
	EndGlobalSection
	GlobalSection(ExtensibilityGlobals) = postSolution
		SolutionGuid = {62F03CD2-3EC0-494E-8B88-8E4267B9B6DE}
	EndGlobalSection
EndGlobal
